// !$*UTF8*$!
{
	archiveVersion = 1;
	classes = {
	};
	objectVersion = 56;
	objects = {

/* Begin PBXBuildFile section */
		4AD9D1802C0F3D2000EAA6E2 /* mix_demoApp.swift in Sources */ = {isa = PBXBuildFile; fileRef = 4AD9D17F2C0F3D2000EAA6E2 /* mix_demoApp.swift */; };
		4AD9D1822C0F3D2000EAA6E2 /* ContentView.swift in Sources */ = {isa = PBXBuildFile; fileRef = 4AD9D1812C0F3D2000EAA6E2 /* ContentView.swift */; };
		4AD9D1842C0F3D2200EAA6E2 /* Assets.xcassets in Resources */ = {isa = PBXBuildFile; fileRef = 4AD9D1832C0F3D2200EAA6E2 /* Assets.xcassets */; };
		4AD9D1872C0F3D2200EAA6E2 /* Preview Assets.xcassets in Resources */ = {isa = PBXBuildFile; fileRef = 4AD9D1862C0F3D2200EAA6E2 /* Preview Assets.xcassets */; };
		4AD9D1912C0F3D2200EAA6E2 /* mix_demoTests.swift in Sources */ = {isa = PBXBuildFile; fileRef = 4AD9D1902C0F3D2200EAA6E2 /* mix_demoTests.swift */; };
		4AD9D19B2C0F3D2200EAA6E2 /* mix_demoUITests.swift in Sources */ = {isa = PBXBuildFile; fileRef = 4AD9D19A2C0F3D2200EAA6E2 /* mix_demoUITests.swift */; };
		4AD9D19D2C0F3D2200EAA6E2 /* mix_demoUITestsLaunchTests.swift in Sources */ = {isa = PBXBuildFile; fileRef = 4AD9D19C2C0F3D2200EAA6E2 /* mix_demoUITestsLaunchTests.swift */; };
		4AD9D1B62C0F40FE00EAA6E2 /* hello_c.c in Sources */ = {isa = PBXBuildFile; fileRef = 4AD9D1B52C0F40FE00EAA6E2 /* hello_c.c */; };
		4AD9D1C22C0F43F900EAA6E2 /* HelloWrapper.mm in Sources */ = {isa = PBXBuildFile; fileRef = 4AD9D1C12C0F43F900EAA6E2 /* HelloWrapper.mm */; };
/* End PBXBuildFile section */

/* Begin PBXContainerItemProxy section */
		4AD9D18D2C0F3D2200EAA6E2 /* PBXContainerItemProxy */ = {
			isa = PBXContainerItemProxy;
			containerPortal = 4AD9D1742C0F3D1F00EAA6E2 /* Project object */;
			proxyType = 1;
			remoteGlobalIDString = 4AD9D17B2C0F3D1F00EAA6E2;
			remoteInfo = mix_demo;
		};
		4AD9D1972C0F3D2200EAA6E2 /* PBXContainerItemProxy */ = {
			isa = PBXContainerItemProxy;
			containerPortal = 4AD9D1742C0F3D1F00EAA6E2 /* Project object */;
			proxyType = 1;
			remoteGlobalIDString = 4AD9D17B2C0F3D1F00EAA6E2;
			remoteInfo = mix_demo;
		};
/* End PBXContainerItemProxy section */

/* Begin PBXFileReference section */
		4AD9D17C2C0F3D1F00EAA6E2 /* mix_demo.app */ = {isa = PBXFileReference; explicitFileType = wrapper.application; includeInIndex = 0; path = mix_demo.app; sourceTree = BUILT_PRODUCTS_DIR; };
		4AD9D17F2C0F3D2000EAA6E2 /* mix_demoApp.swift */ = {isa = PBXFileReference; lastKnownFileType = sourcecode.swift; path = mix_demoApp.swift; sourceTree = "<group>"; };
		4AD9D1812C0F3D2000EAA6E2 /* ContentView.swift */ = {isa = PBXFileReference; lastKnownFileType = sourcecode.swift; path = ContentView.swift; sourceTree = "<group>"; };
		4AD9D1832C0F3D2200EAA6E2 /* Assets.xcassets */ = {isa = PBXFileReference; lastKnownFileType = folder.assetcatalog; path = Assets.xcassets; sourceTree = "<group>"; };
		4AD9D1862C0F3D2200EAA6E2 /* Preview Assets.xcassets */ = {isa = PBXFileReference; lastKnownFileType = folder.assetcatalog; path = "Preview Assets.xcassets"; sourceTree = "<group>"; };
		4AD9D18C2C0F3D2200EAA6E2 /* mix_demoTests.xctest */ = {isa = PBXFileReference; explicitFileType = wrapper.cfbundle; includeInIndex = 0; path = mix_demoTests.xctest; sourceTree = BUILT_PRODUCTS_DIR; };
		4AD9D1902C0F3D2200EAA6E2 /* mix_demoTests.swift */ = {isa = PBXFileReference; lastKnownFileType = sourcecode.swift; path = mix_demoTests.swift; sourceTree = "<group>"; };
		4AD9D1962C0F3D2200EAA6E2 /* mix_demoUITests.xctest */ = {isa = PBXFileReference; explicitFileType = wrapper.cfbundle; includeInIndex = 0; path = mix_demoUITests.xctest; sourceTree = BUILT_PRODUCTS_DIR; };
		4AD9D19A2C0F3D2200EAA6E2 /* mix_demoUITests.swift */ = {isa = PBXFileReference; lastKnownFileType = sourcecode.swift; path = mix_demoUITests.swift; sourceTree = "<group>"; };
		4AD9D19C2C0F3D2200EAA6E2 /* mix_demoUITestsLaunchTests.swift */ = {isa = PBXFileReference; lastKnownFileType = sourcecode.swift; path = mix_demoUITestsLaunchTests.swift; sourceTree = "<group>"; };
		4AD9D1B32C0F40FE00EAA6E2 /* mix_demo-Bridging-Header.h */ = {isa = PBXFileReference; lastKnownFileType = sourcecode.c.h; path = "mix_demo-Bridging-Header.h"; sourceTree = "<group>"; };
		4AD9D1B42C0F40FE00EAA6E2 /* hello_c.h */ = {isa = PBXFileReference; lastKnownFileType = sourcecode.c.h; path = hello_c.h; sourceTree = "<group>"; };
		4AD9D1B52C0F40FE00EAA6E2 /* hello_c.c */ = {isa = PBXFileReference; lastKnownFileType = sourcecode.c.c; path = hello_c.c; sourceTree = "<group>"; };
		4AD9D1C02C0F43F900EAA6E2 /* HelloWrapper.h */ = {isa = PBXFileReference; lastKnownFileType = sourcecode.c.h; path = HelloWrapper.h; sourceTree = "<group>"; };
		4AD9D1C12C0F43F900EAA6E2 /* HelloWrapper.mm */ = {isa = PBXFileReference; lastKnownFileType = sourcecode.cpp.objcpp; path = HelloWrapper.mm; sourceTree = "<group>"; };
/* End PBXFileReference section */

/* Begin PBXFrameworksBuildPhase section */
		4AD9D1792C0F3D1F00EAA6E2 /* Frameworks */ = {
			isa = PBXFrameworksBuildPhase;
			buildActionMask = 2147483647;
			files = (
			);
			runOnlyForDeploymentPostprocessing = 0;
		};
		4AD9D1892C0F3D2200EAA6E2 /* Frameworks */ = {
			isa = PBXFrameworksBuildPhase;
			buildActionMask = 2147483647;
			files = (
			);
			runOnlyForDeploymentPostprocessing = 0;
		};
		4AD9D1932C0F3D2200EAA6E2 /* Frameworks */ = {
			isa = PBXFrameworksBuildPhase;
			buildActionMask = 2147483647;
			files = (
			);
			runOnlyForDeploymentPostprocessing = 0;
		};
/* End PBXFrameworksBuildPhase section */

/* Begin PBXGroup section */
		4AD9D1732C0F3D1F00EAA6E2 = {
			isa = PBXGroup;
			children = (
				4AD9D17E2C0F3D1F00EAA6E2 /* mix_demo */,
				4AD9D18F2C0F3D2200EAA6E2 /* mix_demoTests */,
				4AD9D1992C0F3D2200EAA6E2 /* mix_demoUITests */,
				4AD9D17D2C0F3D1F00EAA6E2 /* Products */,
			);
			sourceTree = "<group>";
		};
		4AD9D17D2C0F3D1F00EAA6E2 /* Products */ = {
			isa = PBXGroup;
			children = (
				4AD9D17C2C0F3D1F00EAA6E2 /* mix_demo.app */,
				4AD9D18C2C0F3D2200EAA6E2 /* mix_demoTests.xctest */,
				4AD9D1962C0F3D2200EAA6E2 /* mix_demoUITests.xctest */,
			);
			name = Products;
			sourceTree = "<group>";
		};
		4AD9D17E2C0F3D1F00EAA6E2 /* mix_demo */ = {
			isa = PBXGroup;
			children = (
				4AD9D17F2C0F3D2000EAA6E2 /* mix_demoApp.swift */,
				4AD9D1812C0F3D2000EAA6E2 /* ContentView.swift */,
				4AD9D1832C0F3D2200EAA6E2 /* Assets.xcassets */,
				4AD9D1852C0F3D2200EAA6E2 /* Preview Content */,
				4AD9D1B42C0F40FE00EAA6E2 /* hello_c.h */,
				4AD9D1B52C0F40FE00EAA6E2 /* hello_c.c */,
				4AD9D1B32C0F40FE00EAA6E2 /* mix_demo-Bridging-Header.h */,
				4AD9D1C02C0F43F900EAA6E2 /* HelloWrapper.h */,
				4AD9D1C12C0F43F900EAA6E2 /* HelloWrapper.mm */,
			);
			path = mix_demo;
			sourceTree = "<group>";
		};
		4AD9D1852C0F3D2200EAA6E2 /* Preview Content */ = {
			isa = PBXGroup;
			children = (
				4AD9D1862C0F3D2200EAA6E2 /* Preview Assets.xcassets */,
			);
			path = "Preview Content";
			sourceTree = "<group>";
		};
		4AD9D18F2C0F3D2200EAA6E2 /* mix_demoTests */ = {
			isa = PBXGroup;
			children = (
				4AD9D1902C0F3D2200EAA6E2 /* mix_demoTests.swift */,
			);
			path = mix_demoTests;
			sourceTree = "<group>";
		};
		4AD9D1992C0F3D2200EAA6E2 /* mix_demoUITests */ = {
			isa = PBXGroup;
			children = (
				4AD9D19A2C0F3D2200EAA6E2 /* mix_demoUITests.swift */,
				4AD9D19C2C0F3D2200EAA6E2 /* mix_demoUITestsLaunchTests.swift */,
			);
			path = mix_demoUITests;
			sourceTree = "<group>";
		};
/* End PBXGroup section */

/* Begin PBXNativeTarget section */
		4AD9D17B2C0F3D1F00EAA6E2 /* mix_demo */ = {
			isa = PBXNativeTarget;
			buildConfigurationList = 4AD9D1A02C0F3D2200EAA6E2 /* Build configuration list for PBXNativeTarget "mix_demo" */;
			buildPhases = (
				4AD9D1782C0F3D1F00EAA6E2 /* Sources */,
				4AD9D1792C0F3D1F00EAA6E2 /* Frameworks */,
				4AD9D17A2C0F3D1F00EAA6E2 /* Resources */,
			);
			buildRules = (
			);
			dependencies = (
			);
			name = mix_demo;
			productName = mix_demo;
			productReference = 4AD9D17C2C0F3D1F00EAA6E2 /* mix_demo.app */;
			productType = "com.apple.product-type.application";
		};
		4AD9D18B2C0F3D2200EAA6E2 /* mix_demoTests */ = {
			isa = PBXNativeTarget;
			buildConfigurationList = 4AD9D1A32C0F3D2200EAA6E2 /* Build configuration list for PBXNativeTarget "mix_demoTests" */;
			buildPhases = (
				4AD9D1882C0F3D2200EAA6E2 /* Sources */,
				4AD9D1892C0F3D2200EAA6E2 /* Frameworks */,
				4AD9D18A2C0F3D2200EAA6E2 /* Resources */,
			);
			buildRules = (
			);
			dependencies = (
				4AD9D18E2C0F3D2200EAA6E2 /* PBXTargetDependency */,
			);
			name = mix_demoTests;
			productName = mix_demoTests;
			productReference = 4AD9D18C2C0F3D2200EAA6E2 /* mix_demoTests.xctest */;
			productType = "com.apple.product-type.bundle.unit-test";
		};
		4AD9D1952C0F3D2200EAA6E2 /* mix_demoUITests */ = {
			isa = PBXNativeTarget;
			buildConfigurationList = 4AD9D1A62C0F3D2200EAA6E2 /* Build configuration list for PBXNativeTarget "mix_demoUITests" */;
			buildPhases = (
				4AD9D1922C0F3D2200EAA6E2 /* Sources */,
				4AD9D1932C0F3D2200EAA6E2 /* Frameworks */,
				4AD9D1942C0F3D2200EAA6E2 /* Resources */,
			);
			buildRules = (
			);
			dependencies = (
				4AD9D1982C0F3D2200EAA6E2 /* PBXTargetDependency */,
			);
			name = mix_demoUITests;
			productName = mix_demoUITests;
			productReference = 4AD9D1962C0F3D2200EAA6E2 /* mix_demoUITests.xctest */;
			productType = "com.apple.product-type.bundle.ui-testing";
		};
/* End PBXNativeTarget section */

/* Begin PBXProject section */
		4AD9D1742C0F3D1F00EAA6E2 /* Project object */ = {
			isa = PBXProject;
			attributes = {
				BuildIndependentTargetsInParallel = 1;
				LastSwiftUpdateCheck = 1530;
				LastUpgradeCheck = 1530;
				TargetAttributes = {
					4AD9D17B2C0F3D1F00EAA6E2 = {
						CreatedOnToolsVersion = 15.3;
						LastSwiftMigration = 1530;
					};
					4AD9D18B2C0F3D2200EAA6E2 = {
						CreatedOnToolsVersion = 15.3;
						TestTargetID = 4AD9D17B2C0F3D1F00EAA6E2;
					};
					4AD9D1952C0F3D2200EAA6E2 = {
						CreatedOnToolsVersion = 15.3;
						TestTargetID = 4AD9D17B2C0F3D1F00EAA6E2;
					};
				};
			};
			buildConfigurationList = 4AD9D1772C0F3D1F00EAA6E2 /* Build configuration list for PBXProject "mix_demo" */;
			compatibilityVersion = "Xcode 14.0";
			developmentRegion = en;
			hasScannedForEncodings = 0;
			knownRegions = (
				en,
				Base,
			);
			mainGroup = 4AD9D1732C0F3D1F00EAA6E2;
			productRefGroup = 4AD9D17D2C0F3D1F00EAA6E2 /* Products */;
			projectDirPath = "";
			projectRoot = "";
			targets = (
				4AD9D17B2C0F3D1F00EAA6E2 /* mix_demo */,
				4AD9D18B2C0F3D2200EAA6E2 /* mix_demoTests */,
				4AD9D1952C0F3D2200EAA6E2 /* mix_demoUITests */,
			);
		};
/* End PBXProject section */

/* Begin PBXResourcesBuildPhase section */
		4AD9D17A2C0F3D1F00EAA6E2 /* Resources */ = {
			isa = PBXResourcesBuildPhase;
			buildActionMask = 2147483647;
			files = (
				4AD9D1872C0F3D2200EAA6E2 /* Preview Assets.xcassets in Resources */,
				4AD9D1842C0F3D2200EAA6E2 /* Assets.xcassets in Resources */,
			);
			runOnlyForDeploymentPostprocessing = 0;
		};
		4AD9D18A2C0F3D2200EAA6E2 /* Resources */ = {
			isa = PBXResourcesBuildPhase;
			buildActionMask = 2147483647;
			files = (
			);
			runOnlyForDeploymentPostprocessing = 0;
		};
		4AD9D1942C0F3D2200EAA6E2 /* Resources */ = {
			isa = PBXResourcesBuildPhase;
			buildActionMask = 2147483647;
			files = (
			);
			runOnlyForDeploymentPostprocessing = 0;
		};
/* End PBXResourcesBuildPhase section */

/* Begin PBXSourcesBuildPhase section */
		4AD9D1782C0F3D1F00EAA6E2 /* Sources */ = {
			isa = PBXSourcesBuildPhase;
			buildActionMask = 2147483647;
			files = (
				4AD9D1822C0F3D2000EAA6E2 /* ContentView.swift in Sources */,
				4AD9D1B62C0F40FE00EAA6E2 /* hello_c.c in Sources */,
				4AD9D1C22C0F43F900EAA6E2 /* HelloWrapper.mm in Sources */,
				4AD9D1802C0F3D2000EAA6E2 /* mix_demoApp.swift in Sources */,
			);
			runOnlyForDeploymentPostprocessing = 0;
		};
		4AD9D1882C0F3D2200EAA6E2 /* Sources */ = {
			isa = PBXSourcesBuildPhase;
			buildActionMask = 2147483647;
			files = (
				4AD9D1912C0F3D2200EAA6E2 /* mix_demoTests.swift in Sources */,
			);
			runOnlyForDeploymentPostprocessing = 0;
		};
		4AD9D1922C0F3D2200EAA6E2 /* Sources */ = {
			isa = PBXSourcesBuildPhase;
			buildActionMask = 2147483647;
			files = (
				4AD9D19D2C0F3D2200EAA6E2 /* mix_demoUITestsLaunchTests.swift in Sources */,
				4AD9D19B2C0F3D2200EAA6E2 /* mix_demoUITests.swift in Sources */,
			);
			runOnlyForDeploymentPostprocessing = 0;
		};
/* End PBXSourcesBuildPhase section */

/* Begin PBXTargetDependency section */
		4AD9D18E2C0F3D2200EAA6E2 /* PBXTargetDependency */ = {
			isa = PBXTargetDependency;
			target = 4AD9D17B2C0F3D1F00EAA6E2 /* mix_demo */;
			targetProxy = 4AD9D18D2C0F3D2200EAA6E2 /* PBXContainerItemProxy */;
		};
		4AD9D1982C0F3D2200EAA6E2 /* PBXTargetDependency */ = {
			isa = PBXTargetDependency;
			target = 4AD9D17B2C0F3D1F00EAA6E2 /* mix_demo */;
			targetProxy = 4AD9D1972C0F3D2200EAA6E2 /* PBXContainerItemProxy */;
		};
/* End PBXTargetDependency section */

/* Begin XCBuildConfiguration section */
		4AD9D19E2C0F3D2200EAA6E2 /* Debug */ = {
			isa = XCBuildConfiguration;
			buildSettings = {
				ALWAYS_SEARCH_USER_PATHS = NO;
				ASSETCATALOG_COMPILER_GENERATE_SWIFT_ASSET_SYMBOL_EXTENSIONS = YES;
				CLANG_ANALYZER_NONNULL = YES;
				CLANG_ANALYZER_NUMBER_OBJECT_CONVERSION = YES_AGGRESSIVE;
				CLANG_CXX_LANGUAGE_STANDARD = "gnu++20";
				CLANG_ENABLE_MODULES = YES;
				CLANG_ENABLE_OBJC_ARC = YES;
				CLANG_ENABLE_OBJC_WEAK = YES;
				CLANG_WARN_BLOCK_CAPTURE_AUTORELEASING = YES;
				CLANG_WARN_BOOL_CONVERSION = YES;
				CLANG_WARN_COMMA = YES;
				CLANG_WARN_CONSTANT_CONVERSION = YES;
				CLANG_WARN_DEPRECATED_OBJC_IMPLEMENTATIONS = YES;
				CLANG_WARN_DIRECT_OBJC_ISA_USAGE = YES_ERROR;
				CLANG_WARN_DOCUMENTATION_COMMENTS = YES;
				CLANG_WARN_EMPTY_BODY = YES;
				CLANG_WARN_ENUM_CONVERSION = YES;
				CLANG_WARN_INFINITE_RECURSION = YES;
				CLANG_WARN_INT_CONVERSION = YES;
				CLANG_WARN_NON_LITERAL_NULL_CONVERSION = YES;
				CLANG_WARN_OBJC_IMPLICIT_RETAIN_SELF = YES;
				CLANG_WARN_OBJC_LITERAL_CONVERSION = YES;
				CLANG_WARN_OBJC_ROOT_CLASS = YES_ERROR;
				CLANG_WARN_QUOTED_INCLUDE_IN_FRAMEWORK_HEADER = YES;
				CLANG_WARN_RANGE_LOOP_ANALYSIS = YES;
				CLANG_WARN_STRICT_PROTOTYPES = YES;
				CLANG_WARN_SUSPICIOUS_MOVE = YES;
				CLANG_WARN_UNGUARDED_AVAILABILITY = YES_AGGRESSIVE;
				CLANG_WARN_UNREACHABLE_CODE = YES;
				CLANG_WARN__DUPLICATE_METHOD_MATCH = YES;
				COPY_PHASE_STRIP = NO;
				DEBUG_INFORMATION_FORMAT = dwarf;
				ENABLE_STRICT_OBJC_MSGSEND = YES;
				ENABLE_TESTABILITY = YES;
				ENABLE_USER_SCRIPT_SANDBOXING = YES;
				GCC_C_LANGUAGE_STANDARD = gnu17;
				GCC_DYNAMIC_NO_PIC = NO;
				GCC_NO_COMMON_BLOCKS = YES;
				GCC_OPTIMIZATION_LEVEL = 0;
				GCC_PREPROCESSOR_DEFINITIONS = (
					"DEBUG=1",
					"$(inherited)",
				);
				GCC_WARN_64_TO_32_BIT_CONVERSION = YES;
				GCC_WARN_ABOUT_RETURN_TYPE = YES_ERROR;
				GCC_WARN_UNDECLARED_SELECTOR = YES;
				GCC_WARN_UNINITIALIZED_AUTOS = YES_AGGRESSIVE;
				GCC_WARN_UNUSED_FUNCTION = YES;
				GCC_WARN_UNUSED_VARIABLE = YES;
				IPHONEOS_DEPLOYMENT_TARGET = 17.4;
				LOCALIZATION_PREFERS_STRING_CATALOGS = YES;
				MTL_ENABLE_DEBUG_INFO = INCLUDE_SOURCE;
				MTL_FAST_MATH = YES;
				ONLY_ACTIVE_ARCH = YES;
				SDKROOT = iphoneos;
				SWIFT_ACTIVE_COMPILATION_CONDITIONS = "DEBUG $(inherited)";
				SWIFT_OPTIMIZATION_LEVEL = "-Onone";
			};
			name = Debug;
		};
		4AD9D19F2C0F3D2200EAA6E2 /* Release */ = {
			isa = XCBuildConfiguration;
			buildSettings = {
				ALWAYS_SEARCH_USER_PATHS = NO;
				ASSETCATALOG_COMPILER_GENERATE_SWIFT_ASSET_SYMBOL_EXTENSIONS = YES;
				CLANG_ANALYZER_NONNULL = YES;
				CLANG_ANALYZER_NUMBER_OBJECT_CONVERSION = YES_AGGRESSIVE;
				CLANG_CXX_LANGUAGE_STANDARD = "gnu++20";
				CLANG_ENABLE_MODULES = YES;
				CLANG_ENABLE_OBJC_ARC = YES;
				CLANG_ENABLE_OBJC_WEAK = YES;
				CLANG_WARN_BLOCK_CAPTURE_AUTORELEASING = YES;
				CLANG_WARN_BOOL_CONVERSION = YES;
				CLANG_WARN_COMMA = YES;
				CLANG_WARN_CONSTANT_CONVERSION = YES;
				CLANG_WARN_DEPRECATED_OBJC_IMPLEMENTATIONS = YES;
				CLANG_WARN_DIRECT_OBJC_ISA_USAGE = YES_ERROR;
				CLANG_WARN_DOCUMENTATION_COMMENTS = YES;
				CLANG_WARN_EMPTY_BODY = YES;
				CLANG_WARN_ENUM_CONVERSION = YES;
				CLANG_WARN_INFINITE_RECURSION = YES;
				CLANG_WARN_INT_CONVERSION = YES;
				CLANG_WARN_NON_LITERAL_NULL_CONVERSION = YES;
				CLANG_WARN_OBJC_IMPLICIT_RETAIN_SELF = YES;
				CLANG_WARN_OBJC_LITERAL_CONVERSION = YES;
				CLANG_WARN_OBJC_ROOT_CLASS = YES_ERROR;
				CLANG_WARN_QUOTED_INCLUDE_IN_FRAMEWORK_HEADER = YES;
				CLANG_WARN_RANGE_LOOP_ANALYSIS = YES;
				CLANG_WARN_STRICT_PROTOTYPES = YES;
				CLANG_WARN_SUSPICIOUS_MOVE = YES;
				CLANG_WARN_UNGUARDED_AVAILABILITY = YES_AGGRESSIVE;
				CLANG_WARN_UNREACHABLE_CODE = YES;
				CLANG_WARN__DUPLICATE_METHOD_MATCH = YES;
				COPY_PHASE_STRIP = NO;
				DEBUG_INFORMATION_FORMAT = "dwarf-with-dsym";
				ENABLE_NS_ASSERTIONS = NO;
				ENABLE_STRICT_OBJC_MSGSEND = YES;
				ENABLE_USER_SCRIPT_SANDBOXING = YES;
				GCC_C_LANGUAGE_STANDARD = gnu17;
				GCC_NO_COMMON_BLOCKS = YES;
				GCC_WARN_64_TO_32_BIT_CONVERSION = YES;
				GCC_WARN_ABOUT_RETURN_TYPE = YES_ERROR;
				GCC_WARN_UNDECLARED_SELECTOR = YES;
				GCC_WARN_UNINITIALIZED_AUTOS = YES_AGGRESSIVE;
				GCC_WARN_UNUSED_FUNCTION = YES;
				GCC_WARN_UNUSED_VARIABLE = YES;
				IPHONEOS_DEPLOYMENT_TARGET = 17.4;
				LOCALIZATION_PREFERS_STRING_CATALOGS = YES;
				MTL_ENABLE_DEBUG_INFO = NO;
				MTL_FAST_MATH = YES;
				SDKROOT = iphoneos;
				SWIFT_COMPILATION_MODE = wholemodule;
				VALIDATE_PRODUCT = YES;
			};
			name = Release;
		};
		4AD9D1A12C0F3D2200EAA6E2 /* Debug */ = {
			isa = XCBuildConfiguration;
			buildSettings = {
				ASSETCATALOG_COMPILER_APPICON_NAME = AppIcon;
				ASSETCATALOG_COMPILER_GLOBAL_ACCENT_COLOR_NAME = AccentColor;
				CLANG_ENABLE_MODULES = YES;
				CODE_SIGN_STYLE = Automatic;
				CURRENT_PROJECT_VERSION = 1;
				DEVELOPMENT_ASSET_PATHS = "\"mix_demo/Preview Content\"";
				DEVELOPMENT_TEAM = VQM5RCVP2C;
				ENABLE_PREVIEWS = YES;
				GENERATE_INFOPLIST_FILE = YES;
				INFOPLIST_KEY_UIApplicationSceneManifest_Generation = YES;
				INFOPLIST_KEY_UIApplicationSupportsIndirectInputEvents = YES;
				INFOPLIST_KEY_UILaunchScreen_Generation = YES;
				INFOPLIST_KEY_UISupportedInterfaceOrientations_iPad = "UIInterfaceOrientationPortrait UIInterfaceOrientationPortraitUpsideDown UIInterfaceOrientationLandscapeLeft UIInterfaceOrientationLandscapeRight";
				INFOPLIST_KEY_UISupportedInterfaceOrientations_iPhone = "UIInterfaceOrientationPortrait UIInterfaceOrientationLandscapeLeft UIInterfaceOrientationLandscapeRight";
				IPHONEOS_DEPLOYMENT_TARGET = 15.0;
				LD_RUNPATH_SEARCH_PATHS = (
					"$(inherited)",
					"@executable_path/Frameworks",
				);
				MARKETING_VERSION = 1.0;
				PRODUCT_BUNDLE_IDENTIFIER = "com.mj.mix-demo";
				PRODUCT_NAME = "$(TARGET_NAME)";
				SWIFT_EMIT_LOC_STRINGS = YES;
				SWIFT_OBJC_BRIDGING_HEADER = "mix_demo/mix_demo-Bridging-Header.h";
				SWIFT_OPTIMIZATION_LEVEL = "-Onone";
				SWIFT_VERSION = 5.0;
				TARGETED_DEVICE_FAMILY = "1,2";
			};
			name = Debug;
		};
		4AD9D1A22C0F3D2200EAA6E2 /* Release */ = {
			isa = XCBuildConfiguration;
			buildSettings = {
				ASSETCATALOG_COMPILER_APPICON_NAME = AppIcon;
				ASSETCATALOG_COMPILER_GLOBAL_ACCENT_COLOR_NAME = AccentColor;
				CLANG_ENABLE_MODULES = YES;
				CODE_SIGN_STYLE = Automatic;
				CURRENT_PROJECT_VERSION = 1;
				DEVELOPMENT_ASSET_PATHS = "\"mix_demo/Preview Content\"";
				DEVELOPMENT_TEAM = VQM5RCVP2C;
				ENABLE_PREVIEWS = YES;
				GENERATE_INFOPLIST_FILE = YES;
				INFOPLIST_KEY_UIApplicationSceneManifest_Generation = YES;
				INFOPLIST_KEY_UIApplicationSupportsIndirectInputEvents = YES;
				INFOPLIST_KEY_UILaunchScreen_Generation = YES;
				INFOPLIST_KEY_UISupportedInterfaceOrientations_iPad = "UIInterfaceOrientationPortrait UIInterfaceOrientationPortraitUpsideDown UIInterfaceOrientationLandscapeLeft UIInterfaceOrientationLandscapeRight";
				INFOPLIST_KEY_UISupportedInterfaceOrientations_iPhone = "UIInterfaceOrientationPortrait UIInterfaceOrientationLandscapeLeft UIInterfaceOrientationLandscapeRight";
				IPHONEOS_DEPLOYMENT_TARGET = 15.0;
				LD_RUNPATH_SEARCH_PATHS = (
					"$(inherited)",
					"@executable_path/Frameworks",
				);
				MARKETING_VERSION = 1.0;
				PRODUCT_BUNDLE_IDENTIFIER = "com.mj.mix-demo";
				PRODUCT_NAME = "$(TARGET_NAME)";
				SWIFT_EMIT_LOC_STRINGS = YES;
				SWIFT_OBJC_BRIDGING_HEADER = "mix_demo/mix_demo-Bridging-Header.h";
				SWIFT_VERSION = 5.0;
				TARGETED_DEVICE_FAMILY = "1,2";
			};
			name = Release;
		};
		4AD9D1A42C0F3D2200EAA6E2 /* Debug */ = {
			isa = XCBuildConfiguration;
			buildSettings = {
				ALWAYS_EMBED_SWIFT_STANDARD_LIBRARIES = YES;
				BUNDLE_LOADER = "$(TEST_HOST)";
				CODE_SIGN_STYLE = Automatic;
				CURRENT_PROJECT_VERSION = 1;
				DEVELOPMENT_TEAM = VQM5RCVP2C;
				GENERATE_INFOPLIST_FILE = YES;
				IPHONEOS_DEPLOYMENT_TARGET = 17.4;
				MARKETING_VERSION = 1.0;
				PRODUCT_BUNDLE_IDENTIFIER = "com.mj.mix-demoTests";
				PRODUCT_NAME = "$(TARGET_NAME)";
				SWIFT_EMIT_LOC_STRINGS = NO;
				SWIFT_VERSION = 5.0;
				TARGETED_DEVICE_FAMILY = "1,2";
				TEST_HOST = "$(BUILT_PRODUCTS_DIR)/mix_demo.app/$(BUNDLE_EXECUTABLE_FOLDER_PATH)/mix_demo";
			};
			name = Debug;
		};
		4AD9D1A52C0F3D2200EAA6E2 /* Release */ = {
			isa = XCBuildConfiguration;
			buildSettings = {
				ALWAYS_EMBED_SWIFT_STANDARD_LIBRARIES = YES;
				BUNDLE_LOADER = "$(TEST_HOST)";
				CODE_SIGN_STYLE = Automatic;
				CURRENT_PROJECT_VERSION = 1;
				DEVELOPMENT_TEAM = VQM5RCVP2C;
				GENERATE_INFOPLIST_FILE = YES;
				IPHONEOS_DEPLOYMENT_TARGET = 17.4;
				MARKETING_VERSION = 1.0;
				PRODUCT_BUNDLE_IDENTIFIER = "com.mj.mix-demoTests";
				PRODUCT_NAME = "$(TARGET_NAME)";
				SWIFT_EMIT_LOC_STRINGS = NO;
				SWIFT_VERSION = 5.0;
				TARGETED_DEVICE_FAMILY = "1,2";
				TEST_HOST = "$(BUILT_PRODUCTS_DIR)/mix_demo.app/$(BUNDLE_EXECUTABLE_FOLDER_PATH)/mix_demo";
			};
			name = Release;
		};
		4AD9D1A72C0F3D2200EAA6E2 /* Debug */ = {
			isa = XCBuildConfiguration;
			buildSettings = {
				ALWAYS_EMBED_SWIFT_STANDARD_LIBRARIES = YES;
				CODE_SIGN_STYLE = Automatic;
				CURRENT_PROJECT_VERSION = 1;
				DEVELOPMENT_TEAM = VQM5RCVP2C;
				GENERATE_INFOPLIST_FILE = YES;
				MARKETING_VERSION = 1.0;
				PRODUCT_BUNDLE_IDENTIFIER = "com.mj.mix-demoUITests";
				PRODUCT_NAME = "$(TARGET_NAME)";
				SWIFT_EMIT_LOC_STRINGS = NO;
				SWIFT_VERSION = 5.0;
				TARGETED_DEVICE_FAMILY = "1,2";
				TEST_TARGET_NAME = mix_demo;
			};
			name = Debug;
		};
		4AD9D1A82C0F3D2200EAA6E2 /* Release */ = {
			isa = XCBuildConfiguration;
			buildSettings = {
				ALWAYS_EMBED_SWIFT_STANDARD_LIBRARIES = YES;
				CODE_SIGN_STYLE = Automatic;
				CURRENT_PROJECT_VERSION = 1;
				DEVELOPMENT_TEAM = VQM5RCVP2C;
				GENERATE_INFOPLIST_FILE = YES;
				MARKETING_VERSION = 1.0;
				PRODUCT_BUNDLE_IDENTIFIER = "com.mj.mix-demoUITests";
				PRODUCT_NAME = "$(TARGET_NAME)";
				SWIFT_EMIT_LOC_STRINGS = NO;
				SWIFT_VERSION = 5.0;
				TARGETED_DEVICE_FAMILY = "1,2";
				TEST_TARGET_NAME = mix_demo;
			};
			name = Release;
		};
/* End XCBuildConfiguration section */

/* Begin XCConfigurationList section */
		4AD9D1772C0F3D1F00EAA6E2 /* Build configuration list for PBXProject "mix_demo" */ = {
			isa = XCConfigurationList;
			buildConfigurations = (
				4AD9D19E2C0F3D2200EAA6E2 /* Debug */,
				4AD9D19F2C0F3D2200EAA6E2 /* Release */,
			);
			defaultConfigurationIsVisible = 0;
			defaultConfigurationName = Release;
		};
		4AD9D1A02C0F3D2200EAA6E2 /* Build configuration list for PBXNativeTarget "mix_demo" */ = {
			isa = XCConfigurationList;
			buildConfigurations = (
				4AD9D1A12C0F3D2200EAA6E2 /* Debug */,
				4AD9D1A22C0F3D2200EAA6E2 /* Release */,
			);
			defaultConfigurationIsVisible = 0;
			defaultConfigurationName = Release;
		};
		4AD9D1A32C0F3D2200EAA6E2 /* Build configuration list for PBXNativeTarget "mix_demoTests" */ = {
			isa = XCConfigurationList;
			buildConfigurations = (
				4AD9D1A42C0F3D2200EAA6E2 /* Debug */,
				4AD9D1A52C0F3D2200EAA6E2 /* Release */,
			);
			defaultConfigurationIsVisible = 0;
			defaultConfigurationName = Release;
		};
		4AD9D1A62C0F3D2200EAA6E2 /* Build configuration list for PBXNativeTarget "mix_demoUITests" */ = {
			isa = XCConfigurationList;
			buildConfigurations = (
				4AD9D1A72C0F3D2200EAA6E2 /* Debug */,
				4AD9D1A82C0F3D2200EAA6E2 /* Release */,
			);
			defaultConfigurationIsVisible = 0;
			defaultConfigurationName = Release;
		};
/* End XCConfigurationList section */
	};
	rootObject = 4AD9D1742C0F3D1F00EAA6E2 /* Project object */;
}
